#MicroXplorer Configuration settings - do not modify
#Sat May 21 20:04:05 MSK 2016
File.Version=4
KeepUserPlacement=false
Mcu.Family=STM32F4
Mcu.IP0=NVIC
Mcu.IP1=RCC
Mcu.IP2=SYS
Mcu.IPNb=3
Mcu.Name=STM32F407V(E-G)Tx
Mcu.Package=LQFP100
Mcu.Pin0=PH0-OSC_IN
Mcu.Pin1=PH1-OSC_OUT
Mcu.Pin2=PA13
Mcu.Pin3=PA14
Mcu.PinsNb=4
Mcu.UserName=STM32F407VGTx
NVIC.PriorityGroup=NVIC_PRIORITYGROUP_4
NVIC.SysTick_IRQn=true\:0\:0
PA13.Mode=Serial-Wire
PA13.Signal=SYS_JTMS-SWDIO
PA14.Mode=Serial-Wire
PA14.Signal=SYS_JTCK-SWCLK
PCC.Family=STM32F4
PCC.MCU=STM32F407V(E-G)Tx
PCC.MXVersion=4.4.0
PCC.PartNumber=STM32F407VGTx
PCC.Seq0=0
PCC.SubFamily=STM32F407/417
PCC.Temperature=25
PCC.Vdd=3.3
PH0-OSC_IN.Mode=HSE-External-Oscillator
PH0-OSC_IN.Signal=RCC_OSC_IN
PH1-OSC_OUT.Mode=HSE-External-Oscillator
PH1-OSC_OUT.Signal=RCC_OSC_OUT
RCC.48MHZClocksFreq_Value=84000000
RCC.AHBFreq_Value=168000000
RCC.APB1CLKDivider=RCC_HCLK_DIV4
RCC.APB1Freq_Value=42000000
RCC.APB1TimFreq_Value=84000000
RCC.APB2CLKDivider=RCC_HCLK_DIV2
RCC.APB2Freq_Value=84000000
RCC.APB2TimFreq_Value=168000000
RCC.ClockTypePCLK1-ClockTree=RCC_CLOCKTYPE_PCLK1
RCC.ClockTypePCLK2-ClockTree=RCC_CLOCKTYPE_PCLK2
RCC.ClockTypeSysClk-ClockTree=RCC_CLOCKTYPE_SYSCLK
RCC.CortexFreq_Value=21000000
RCC.EnableExtClockForI2S-ClockTree=false
RCC.EnableHSE-ClockTree=true
RCC.EnableHSERTCDevisor-ClockTree=false
RCC.EnableLSE-ClockTree=false
RCC.EnableLSERTC-ClockTree=false
RCC.EthernetFreq_Value=168000000
RCC.ExtClockEnable-ClockTree=false
RCC.FCLKCortexFreq_Value=168000000
RCC.FLatency-AdvancedSettings=FLASH_LATENCY_5
RCC.FamilyName=M
RCC.HCLKFreq_Value=168000000
RCC.HSEState-ClockTree=RCC_HSE_ON
RCC.HSE_VALUE=8000000
RCC.HSIState-ClockTree=RCC_HSI_OFF
RCC.HSI_VALUE=16000000
RCC.I2SClocksFreq_Value=96000000
RCC.I2SEnable-ClockTree=false
RCC.IPParameters=LSI_VALUE,APB1TimFreq_Value,MCO2PinFreq_Value,APB2Freq_Value,OscillatorTypeHSE-ClockTree,APB1CLKDivider,USBFSEnable-ClockTree,USBHSEnable-ClockTree,FCLKCortexFreq_Value,OscillatorTypeLSI-ClockTree,48MHZClocksFreq_Value,AHBFreq_Value,VCOInputFreq_Value,I2SClocksFreq_Value,PLLSourceVirtual,ClockTypePCLK1-ClockTree,SYSCLKFreq_VALUE,SYSCLKSource,HSIState-ClockTree,LSE_VALUE,HSE_VALUE,MCO1OutPutEnable-ClockTree,HSI_VALUE,EnableLSERTC-ClockTree,IWDGEnable-ClockTree,VCOI2SOutputFreq_Value,RNGEnable-ClockTree,MCO2OutPutEnable-ClockTree,PLLCLKFreq_Value,ClockTypePCLK2-ClockTree,RTCEnable-ClockTree,EnableHSERTCDevisor-ClockTree,RTCFreq_Value,FamilyName,FLatency-AdvancedSettings,HCLKFreq_Value,EthernetFreq_Value,I2SEnable-ClockTree,APB2CLKDivider,PLLM,EnableLSE-ClockTree,PLLN,VCOOutputFreq_Value,ClockTypeSysClk-ClockTree,EnableHSE-ClockTree,VcooutputI2S,CortexFreq_Value,EnableExtClockForI2S-ClockTree,APB1Freq_Value,PWR_Regulator_Voltage_Scale-AdvancedSettings,SDIOEnable-ClockTree,LSIState-ClockTree,PLLState-ClockTree,RTCHSEDivFreq_Value,HSEState-ClockTree,APB2TimFreq_Value,ExtClockEnable-ClockTree
RCC.IWDGEnable-ClockTree=false
RCC.LSE_VALUE=32768
RCC.LSIState-ClockTree=RCC_LSI_OFF
RCC.LSI_VALUE=32000
RCC.MCO1OutPutEnable-ClockTree=false
RCC.MCO2OutPutEnable-ClockTree=false
RCC.MCO2PinFreq_Value=168000000
RCC.OscillatorTypeHSE-ClockTree=RCC_OSCILLATORTYPE_HSE
RCC.OscillatorTypeLSI-ClockTree=
RCC.PLLCLKFreq_Value=168000000
RCC.PLLM=8
RCC.PLLN=336
RCC.PLLSourceVirtual=RCC_PLLSOURCE_HSE
RCC.PLLState-ClockTree=RCC_PLL_ON
RCC.PWR_Regulator_Voltage_Scale-AdvancedSettings=PWR_REGULATOR_VOLTAGE_SCALE1
RCC.RNGEnable-ClockTree=false
RCC.RTCEnable-ClockTree=false
RCC.RTCFreq_Value=32000
RCC.RTCHSEDivFreq_Value=4000000
RCC.SDIOEnable-ClockTree=false
RCC.SYSCLKFreq_VALUE=168000000
RCC.SYSCLKSource=RCC_SYSCLKSOURCE_PLLCLK
RCC.USBFSEnable-ClockTree=false
RCC.USBHSEnable-ClockTree=false
RCC.VCOI2SOutputFreq_Value=192000000
RCC.VCOInputFreq_Value=1000000
RCC.VCOOutputFreq_Value=336000000
RCC.VcooutputI2S=96000000
